
Microsoft Visual Studio Solution File, Format Version 12.00
# Visual Studio Version 17
VisualStudioVersion = 17.9.34723.18
MinimumVisualStudioVersion = 10.0.40219.1
Project("{FAE04EC0-301F-11D3-BF4B-00C04F79EFBC}") = "array 2 olculu", "array 2 olculu\array 2 olculu.csproj", "{96272485-6946-490B-A350-6E98C42A00CE}"
EndProject
Global
	GlobalSection(SolutionConfigurationPlatforms) = preSolution
		Debug|Any CPU = Debug|Any CPU
		Release|Any CPU = Release|Any CPU
	EndGlobalSection
	GlobalSection(ProjectConfigurationPlatforms) = postSolution
		{96272485-6946-490B-A350-6E98C42A00CE}.Debug|Any CPU.ActiveCfg = Debug|Any CPU
		{96272485-6946-490B-A350-6E98C42A00CE}.Debug|Any CPU.Build.0 = Debug|Any CPU
		{96272485-6946-490B-A350-6E98C42A00CE}.Release|Any CPU.ActiveCfg = Release|Any CPU
		{96272485-6946-490B-A350-6E98C42A00CE}.Release|Any CPU.Build.0 = Release|Any CPU
	EndGlobalSection
	GlobalSection(SolutionProperties) = preSolution
		HideSolutionNode = FALSE
	EndGlobalSection
	GlobalSection(ExtensibilityGlobals) = postSolution
		SolutionGuid = {F1F2641F-860A-465A-AFEB-0D7814215A68}
	EndGlobalSection
EndGlobal
